<?xml version="1.0" encoding="UTF-8" standalone="yes" ?>
<CodeBlocks_project_file>
	<FileVersion major="1" minor="6" />
	<Project>
		<Option title="DungeonGame" />
		<Option pch_mode="2" />
		<Option compiler="gcc" />
		<Build>
			<Target title="Debug">
				<Option output="bin/Debug/DungeonGame" prefix_auto="1" extension_auto="1" />
				<Option object_output="obj/Debug/" />
				<Option type="1" />
				<Option compiler="gcc" />
				<Compiler>
					<Add option="-g" />
					<Add directory="include" />
				</Compiler>
			</Target>
			<Target title="Release">
				<Option output="bin/Release/DungeonGame" prefix_auto="1" extension_auto="1" />
				<Option object_output="obj/Release/" />
				<Option type="1" />
				<Option compiler="gcc" />
				<Compiler>
					<Add option="-O2" />
					<Add directory="include" />
				</Compiler>
				<Linker>
					<Add option="-s" />
				</Linker>
			</Target>
		</Build>
		<Compiler>
			<Add option="-Wall" />
			<Add option="-fexceptions" />
		</Compiler>
		<Unit filename="include/ActionRecord.h" />
		<Unit filename="include/Chat.h" />
		<Unit filename="include/Exceptions.h" />
		<Unit filename="include/Game.h" />
		<Unit filename="include/GameConstants.h" />
		<Unit filename="include/GameState.h" />
		<Unit filename="include/Item.h" />
		<Unit filename="include/ItemType.h" />
		<Unit filename="include/NPC.h" />
		<Unit filename="include/Player.h" />
		<Unit filename="include/Room.h" />
		<Unit filename="include/StringManipulations.h" />
		<Unit filename="include/TextBox.h" />
		<Unit filename="include/WindowManager.h" />
		<Unit filename="src/ActionRecord.cpp" />
		<Unit filename="src/Game.cpp" />
		<Unit filename="src/Item.cpp" />
		<Unit filename="src/NPC.cpp" />
		<Unit filename="src/Player.cpp" />
		<Unit filename="src/Room.cpp" />
		<Unit filename="src/StringManipulations.cpp" />
		<Unit filename="src/TextBox.cpp" />
		<Unit filename="src/WindowManager.cpp" />
		<Unit filename="src/game/main.cpp" />
		<Unit filename="test/TestPlayer.cpp">
			<Option target="&lt;{~None~}&gt;" />
		</Unit>
		<Unit filename="test/main.cpp">
			<Option target="&lt;{~None~}&gt;" />
		</Unit>
		<Extensions>
			<envvars />
			<code_completion />
			<debugger />
		</Extensions>
	</Project>
</CodeBlocks_project_file>
